// !$*UTF8*$!
{
	archiveVersion = 1;
	classes = {
	};
	objectVersion = 46;
	objects = {

/* Begin PBXBuildFile section */
		862F24B61B568DDB0035ED24 /* AppDelegate.swift in Sources */ = {isa = PBXBuildFile; fileRef = 862F24B51B568DDB0035ED24 /* AppDelegate.swift */; };
		862F24BD1B568DDC0035ED24 /* Images.xcassets in Resources */ = {isa = PBXBuildFile; fileRef = 862F24BC1B568DDC0035ED24 /* Images.xcassets */; };
		862F24C01B568DDC0035ED24 /* LaunchScreen.xib in Resources */ = {isa = PBXBuildFile; fileRef = 862F24BE1B568DDC0035ED24 /* LaunchScreen.xib */; };
		862F24CC1B568DDC0035ED24 /* LicensingViewControllerDemoTests.swift in Sources */ = {isa = PBXBuildFile; fileRef = 862F24CB1B568DDC0035ED24 /* LicensingViewControllerDemoTests.swift */; };
		862F24E41B568EE20035ED24 /* LicensingViewController.framework in Frameworks */ = {isa = PBXBuildFile; fileRef = 862F24E11B568E660035ED24 /* LicensingViewController.framework */; };
		862F24E51B568EE20035ED24 /* LicensingViewController.framework in Embed Frameworks */ = {isa = PBXBuildFile; fileRef = 862F24E11B568E660035ED24 /* LicensingViewController.framework */; settings = {ATTRIBUTES = (CodeSignOnCopy, RemoveHeadersOnCopy, ); }; };
/* End PBXBuildFile section */

/* Begin PBXContainerItemProxy section */
		862F24C61B568DDC0035ED24 /* PBXContainerItemProxy */ = {
			isa = PBXContainerItemProxy;
			containerPortal = 862F24A81B568DDB0035ED24 /* Project object */;
			proxyType = 1;
			remoteGlobalIDString = 862F24AF1B568DDB0035ED24;
			remoteInfo = LicensingViewControllerDemo;
		};
		862F24E01B568E660035ED24 /* PBXContainerItemProxy */ = {
			isa = PBXContainerItemProxy;
			containerPortal = 862F24DB1B568E660035ED24 /* LicensingViewController.xcodeproj */;
			proxyType = 2;
			remoteGlobalIDString = 862F248B1B568DB90035ED24;
			remoteInfo = LicensingViewController;
		};
		862F24E21B568E660035ED24 /* PBXContainerItemProxy */ = {
			isa = PBXContainerItemProxy;
			containerPortal = 862F24DB1B568E660035ED24 /* LicensingViewController.xcodeproj */;
			proxyType = 2;
			remoteGlobalIDString = 862F24961B568DB90035ED24;
			remoteInfo = LicensingViewControllerTests;
		};
		862F24E61B568EE20035ED24 /* PBXContainerItemProxy */ = {
			isa = PBXContainerItemProxy;
			containerPortal = 862F24DB1B568E660035ED24 /* LicensingViewController.xcodeproj */;
			proxyType = 1;
			remoteGlobalIDString = 862F248A1B568DB90035ED24;
			remoteInfo = LicensingViewController;
		};
/* End PBXContainerItemProxy section */

/* Begin PBXCopyFilesBuildPhase section */
		862F24E81B568EE20035ED24 /* Embed Frameworks */ = {
			isa = PBXCopyFilesBuildPhase;
			buildActionMask = 2147483647;
			dstPath = "";
			dstSubfolderSpec = 10;
			files = (
				862F24E51B568EE20035ED24 /* LicensingViewController.framework in Embed Frameworks */,
			);
			name = "Embed Frameworks";
			runOnlyForDeploymentPostprocessing = 0;
		};
/* End PBXCopyFilesBuildPhase section */

/* Begin PBXFileReference section */
		862F24B01B568DDB0035ED24 /* LicensingViewControllerDemo.app */ = {isa = PBXFileReference; explicitFileType = wrapper.application; includeInIndex = 0; path = LicensingViewControllerDemo.app; sourceTree = BUILT_PRODUCTS_DIR; };
		862F24B41B568DDB0035ED24 /* Info.plist */ = {isa = PBXFileReference; lastKnownFileType = text.plist.xml; path = Info.plist; sourceTree = "<group>"; };
		862F24B51B568DDB0035ED24 /* AppDelegate.swift */ = {isa = PBXFileReference; lastKnownFileType = sourcecode.swift; path = AppDelegate.swift; sourceTree = "<group>"; };
		862F24BC1B568DDC0035ED24 /* Images.xcassets */ = {isa = PBXFileReference; lastKnownFileType = folder.assetcatalog; path = Images.xcassets; sourceTree = "<group>"; };
		862F24BF1B568DDC0035ED24 /* Base */ = {isa = PBXFileReference; lastKnownFileType = file.xib; name = Base; path = Base.lproj/LaunchScreen.xib; sourceTree = "<group>"; };
		862F24C51B568DDC0035ED24 /* LicensingViewControllerDemoTests.xctest */ = {isa = PBXFileReference; explicitFileType = wrapper.cfbundle; includeInIndex = 0; path = LicensingViewControllerDemoTests.xctest; sourceTree = BUILT_PRODUCTS_DIR; };
		862F24CA1B568DDC0035ED24 /* Info.plist */ = {isa = PBXFileReference; lastKnownFileType = text.plist.xml; path = Info.plist; sourceTree = "<group>"; };
		862F24CB1B568DDC0035ED24 /* LicensingViewControllerDemoTests.swift */ = {isa = PBXFileReference; lastKnownFileType = sourcecode.swift; path = LicensingViewControllerDemoTests.swift; sourceTree = "<group>"; };
		862F24DB1B568E660035ED24 /* LicensingViewController.xcodeproj */ = {isa = PBXFileReference; lastKnownFileType = "wrapper.pb-project"; name = LicensingViewController.xcodeproj; path = ../LicensingViewController.xcodeproj; sourceTree = "<group>"; };
/* End PBXFileReference section */

/* Begin PBXFrameworksBuildPhase section */
		862F24AD1B568DDB0035ED24 /* Frameworks */ = {
			isa = PBXFrameworksBuildPhase;
			buildActionMask = 2147483647;
			files = (
				862F24E41B568EE20035ED24 /* LicensingViewController.framework in Frameworks */,
			);
			runOnlyForDeploymentPostprocessing = 0;
		};
		862F24C21B568DDC0035ED24 /* Frameworks */ = {
			isa = PBXFrameworksBuildPhase;
			buildActionMask = 2147483647;
			files = (
			);
			runOnlyForDeploymentPostprocessing = 0;
		};
/* End PBXFrameworksBuildPhase section */

/* Begin PBXGroup section */
		862F24A71B568DDB0035ED24 = {
			isa = PBXGroup;
			children = (
				862F24B21B568DDB0035ED24 /* LicensingViewControllerDemo */,
				862F24C81B568DDC0035ED24 /* LicensingViewControllerDemoTests */,
				862F24B11B568DDB0035ED24 /* Products */,
				862F24DB1B568E660035ED24 /* LicensingViewController.xcodeproj */,
			);
			sourceTree = "<group>";
		};
		862F24B11B568DDB0035ED24 /* Products */ = {
			isa = PBXGroup;
			children = (
				862F24B01B568DDB0035ED24 /* LicensingViewControllerDemo.app */,
				862F24C51B568DDC0035ED24 /* LicensingViewControllerDemoTests.xctest */,
			);
			name = Products;
			sourceTree = "<group>";
		};
		862F24B21B568DDB0035ED24 /* LicensingViewControllerDemo */ = {
			isa = PBXGroup;
			children = (
				862F24B51B568DDB0035ED24 /* AppDelegate.swift */,
				862F24BC1B568DDC0035ED24 /* Images.xcassets */,
				862F24BE1B568DDC0035ED24 /* LaunchScreen.xib */,
				862F24B31B568DDB0035ED24 /* Supporting Files */,
			);
			path = LicensingViewControllerDemo;
			sourceTree = "<group>";
		};
		862F24B31B568DDB0035ED24 /* Supporting Files */ = {
			isa = PBXGroup;
			children = (
				862F24B41B568DDB0035ED24 /* Info.plist */,
			);
			name = "Supporting Files";
			sourceTree = "<group>";
		};
		862F24C81B568DDC0035ED24 /* LicensingViewControllerDemoTests */ = {
			isa = PBXGroup;
			children = (
				862F24CB1B568DDC0035ED24 /* LicensingViewControllerDemoTests.swift */,
				862F24C91B568DDC0035ED24 /* Supporting Files */,
			);
			path = LicensingViewControllerDemoTests;
			sourceTree = "<group>";
		};
		862F24C91B568DDC0035ED24 /* Supporting Files */ = {
			isa = PBXGroup;
			children = (
				862F24CA1B568DDC0035ED24 /* Info.plist */,
			);
			name = "Supporting Files";
			sourceTree = "<group>";
		};
		862F24DC1B568E660035ED24 /* Products */ = {
			isa = PBXGroup;
			children = (
				862F24E11B568E660035ED24 /* LicensingViewController.framework */,
				862F24E31B568E660035ED24 /* LicensingViewControllerTests.xctest */,
			);
			name = Products;
			sourceTree = "<group>";
		};
/* End PBXGroup section */

/* Begin PBXNativeTarget section */
		862F24AF1B568DDB0035ED24 /* LicensingViewControllerDemo */ = {
			isa = PBXNativeTarget;
			buildConfigurationList = 862F24CF1B568DDC0035ED24 /* Build configuration list for PBXNativeTarget "LicensingViewControllerDemo" */;
			buildPhases = (
				862F24AC1B568DDB0035ED24 /* Sources */,
				862F24AD1B568DDB0035ED24 /* Frameworks */,
				862F24AE1B568DDB0035ED24 /* Resources */,
				862F24E81B568EE20035ED24 /* Embed Frameworks */,
			);
			buildRules = (
			);
			dependencies = (
				862F24E71B568EE20035ED24 /* PBXTargetDependency */,
			);
			name = LicensingViewControllerDemo;
			productName = LicensingViewControllerDemo;
			productReference = 862F24B01B568DDB0035ED24 /* LicensingViewControllerDemo.app */;
			productType = "com.apple.product-type.application";
		};
		862F24C41B568DDC0035ED24 /* LicensingViewControllerDemoTests */ = {
			isa = PBXNativeTarget;
			buildConfigurationList = 862F24D21B568DDC0035ED24 /* Build configuration list for PBXNativeTarget "LicensingViewControllerDemoTests" */;
			buildPhases = (
				862F24C11B568DDC0035ED24 /* Sources */,
				862F24C21B568DDC0035ED24 /* Frameworks */,
				862F24C31B568DDC0035ED24 /* Resources */,
			);
			buildRules = (
			);
			dependencies = (
				862F24C71B568DDC0035ED24 /* PBXTargetDependency */,
			);
			name = LicensingViewControllerDemoTests;
			productName = LicensingViewControllerDemoTests;
			productReference = 862F24C51B568DDC0035ED24 /* LicensingViewControllerDemoTests.xctest */;
			productType = "com.apple.product-type.bundle.unit-test";
		};
/* End PBXNativeTarget section */

/* Begin PBXProject section */
		862F24A81B568DDB0035ED24 /* Project object */ = {
			isa = PBXProject;
			attributes = {
				LastSwiftMigration = 0700;
				LastSwiftUpdateCheck = 0700;
				LastUpgradeCheck = 0640;
				ORGANIZATIONNAME = "Tiago Henriques";
				TargetAttributes = {
					862F24AF1B568DDB0035ED24 = {
						CreatedOnToolsVersion = 6.4;
					};
					862F24C41B568DDC0035ED24 = {
						CreatedOnToolsVersion = 6.4;
						TestTargetID = 862F24AF1B568DDB0035ED24;
					};
				};
			};
			buildConfigurationList = 862F24AB1B568DDB0035ED24 /* Build configuration list for PBXProject "LicensingViewControllerDemo" */;
			compatibilityVersion = "Xcode 3.2";
			developmentRegion = English;
			hasScannedForEncodings = 0;
			knownRegions = (
				en,
				Base,
			);
			mainGroup = 862F24A71B568DDB0035ED24;
			productRefGroup = 862F24B11B568DDB0035ED24 /* Products */;
			projectDirPath = "";
			projectReferences = (
				{
					ProductGroup = 862F24DC1B568E660035ED24 /* Products */;
					ProjectRef = 862F24DB1B568E660035ED24 /* LicensingViewController.xcodeproj */;
				},
			);
			projectRoot = "";
			targets = (
				862F24AF1B568DDB0035ED24 /* LicensingViewControllerDemo */,
				862F24C41B568DDC0035ED24 /* LicensingViewControllerDemoTests */,
			);
		};
/* End PBXProject section */

/* Begin PBXReferenceProxy section */
		862F24E11B568E660035ED24 /* LicensingViewController.framework */ = {
			isa = PBXReferenceProxy;
			fileType = wrapper.framework;
			path = LicensingViewController.framework;
			remoteRef = 862F24E01B568E660035ED24 /* PBXContainerItemProxy */;
			sourceTree = BUILT_PRODUCTS_DIR;
		};
		862F24E31B568E660035ED24 /* LicensingViewControllerTests.xctest */ = {
			isa = PBXReferenceProxy;
			fileType = wrapper.cfbundle;
			path = LicensingViewControllerTests.xctest;
			remoteRef = 862F24E21B568E660035ED24 /* PBXContainerItemProxy */;
			sourceTree = BUILT_PRODUCTS_DIR;
		};
/* End PBXReferenceProxy section */

/* Begin PBXResourcesBuildPhase section */
		862F24AE1B568DDB0035ED24 /* Resources */ = {
			isa = PBXResourcesBuildPhase;
			buildActionMask = 2147483647;
			files = (
				862F24C01B568DDC0035ED24 /* LaunchScreen.xib in Resources */,
				862F24BD1B568DDC0035ED24 /* Images.xcassets in Resources */,
			);
			runOnlyForDeploymentPostprocessing = 0;
		};
		862F24C31B568DDC0035ED24 /* Resources */ = {
			isa = PBXResourcesBuildPhase;
			buildActionMask = 2147483647;
			files = (
			);
			runOnlyForDeploymentPostprocessing = 0;
		};
/* End PBXResourcesBuildPhase section */

/* Begin PBXSourcesBuildPhase section */
		862F24AC1B568DDB0035ED24 /* Sources */ = {
			isa = PBXSourcesBuildPhase;
			buildActionMask = 2147483647;
			files = (
				862F24B61B568DDB0035ED24 /* AppDelegate.swift in Sources */,
			);
			runOnlyForDeploymentPostprocessing = 0;
		};
		862F24C11B568DDC0035ED24 /* Sources */ = {
			isa = PBXSourcesBuildPhase;
			buildActionMask = 2147483647;
			files = (
				862F24CC1B568DDC0035ED24 /* LicensingViewControllerDemoTests.swift in Sources */,
			);
			runOnlyForDeploymentPostprocessing = 0;
		};
/* End PBXSourcesBuildPhase section */

/* Begin PBXTargetDependency section */
		862F24C71B568DDC0035ED24 /* PBXTargetDependency */ = {
			isa = PBXTargetDependency;
			target = 862F24AF1B568DDB0035ED24 /* LicensingViewControllerDemo */;
			targetProxy = 862F24C61B568DDC0035ED24 /* PBXContainerItemProxy */;
		};
		862F24E71B568EE20035ED24 /* PBXTargetDependency */ = {
			isa = PBXTargetDependency;
			name = LicensingViewController;
			targetProxy = 862F24E61B568EE20035ED24 /* PBXContainerItemProxy */;
		};
/* End PBXTargetDependency section */

/* Begin PBXVariantGroup section */
		862F24BE1B568DDC0035ED24 /* LaunchScreen.xib */ = {
			isa = PBXVariantGroup;
			children = (
				862F24BF1B568DDC0035ED24 /* Base */,
			);
			name = LaunchScreen.xib;
			sourceTree = "<group>";
		};
/* End PBXVariantGroup section */

/* Begin XCBuildConfiguration section */
		862F24CD1B568DDC0035ED24 /* Debug */ = {
			isa = XCBuildConfiguration;
			buildSettings = {
				ALWAYS_SEARCH_USER_PATHS = NO;
				CLANG_CXX_LANGUAGE_STANDARD = "gnu++0x";
				CLANG_CXX_LIBRARY = "libc++";
				CLANG_ENABLE_MODULES = YES;
				CLANG_ENABLE_OBJC_ARC = YES;
				CLANG_WARN_BOOL_CONVERSION = YES;
				CLANG_WARN_CONSTANT_CONVERSION = YES;
				CLANG_WARN_DIRECT_OBJC_ISA_USAGE = YES_ERROR;
				CLANG_WARN_EMPTY_BODY = YES;
				CLANG_WARN_ENUM_CONVERSION = YES;
				CLANG_WARN_INT_CONVERSION = YES;
				CLANG_WARN_OBJC_ROOT_CLASS = YES_ERROR;
				CLANG_WARN_UNREACHABLE_CODE = YES;
				CLANG_WARN__DUPLICATE_METHOD_MATCH = YES;
				"CODE_SIGN_IDENTITY[sdk=iphoneos*]" = "iPhone Developer";
				COPY_PHASE_STRIP = NO;
				DEBUG_INFORMATION_FORMAT = "dwarf-with-dsym";
				ENABLE_STRICT_OBJC_MSGSEND = YES;
				GCC_C_LANGUAGE_STANDARD = gnu99;
				GCC_DYNAMIC_NO_PIC = NO;
				GCC_NO_COMMON_BLOCKS = YES;
				GCC_OPTIMIZATION_LEVEL = 0;
				GCC_PREPROCESSOR_DEFINITIONS = (
					"DEBUG=1",
					"$(inherited)",
				);
				GCC_SYMBOLS_PRIVATE_EXTERN = NO;
				GCC_WARN_64_TO_32_BIT_CONVERSION = YES;
				GCC_WARN_ABOUT_RETURN_TYPE = YES_ERROR;
				GCC_WARN_UNDECLARED_SELECTOR = YES;
				GCC_WARN_UNINITIALIZED_AUTOS = YES_AGGRESSIVE;
				GCC_WARN_UNUSED_FUNCTION = YES;
				GCC_WARN_UNUSED_VARIABLE = YES;
				IPHONEOS_DEPLOYMENT_TARGET = 8.4;
				MTL_ENABLE_DEBUG_INFO = YES;
				ONLY_ACTIVE_ARCH = YES;
				SDKROOT = iphoneos;
				SWIFT_OPTIMIZATION_LEVEL = "-Onone";
				TARGETED_DEVICE_FAMILY = "1,2";
			};
			name = Debug;
		};
		862F24CE1B568DDC0035ED24 /* Release */ = {
			isa = XCBuildConfiguration;
			buildSettings = {
				ALWAYS_SEARCH_USER_PATHS = NO;
				CLANG_CXX_LANGUAGE_STANDARD = "gnu++0x";
				CLANG_CXX_LIBRARY = "libc++";
				CLANG_ENABLE_MODULES = YES;
				CLANG_ENABLE_OBJC_ARC = YES;
				CLANG_WARN_BOOL_CONVERSION = YES;
				CLANG_WARN_CONSTANT_CONVERSION = YES;
				CLANG_WARN_DIRECT_OBJC_ISA_USAGE = YES_ERROR;
				CLANG_WARN_EMPTY_BODY = YES;
				CLANG_WARN_ENUM_CONVERSION = YES;
				CLANG_WARN_INT_CONVERSION = YES;
				CLANG_WARN_OBJC_ROOT_CLASS = YES_ERROR;
				CLANG_WARN_UNREACHABLE_CODE = YES;
				CLANG_WARN__DUPLICATE_METHOD_MATCH = YES;
				"CODE_SIGN_IDENTITY[sdk=iphoneos*]" = "iPhone Developer";
				COPY_PHASE_STRIP = NO;
				DEBUG_INFORMATION_FORMAT = "dwarf-with-dsym";
				ENABLE_NS_ASSERTIONS = NO;
				ENABLE_STRICT_OBJC_MSGSEND = YES;
				GCC_C_LANGUAGE_STANDARD = gnu99;
				GCC_NO_COMMON_BLOCKS = YES;
				GCC_WARN_64_TO_32_BIT_CONVERSION = YES;
				GCC_WARN_ABOUT_RETURN_TYPE = YES_ERROR;
				GCC_WARN_UNDECLARED_SELECTOR = YES;
				GCC_WARN_UNINITIALIZED_AUTOS = YES_AGGRESSIVE;
				GCC_WARN_UNUSED_FUNCTION = YES;
				GCC_WARN_UNUSED_VARIABLE = YES;
				IPHONEOS_DEPLOYMENT_TARGET = 8.4;
				MTL_ENABLE_DEBUG_INFO = NO;
				SDKROOT = iphoneos;
				TARGETED_DEVICE_FAMILY = "1,2";
				VALIDATE_PRODUCT = YES;
			};
			name = Release;
		};
		862F24D01B568DDC0035ED24 /* Debug */ = {
			isa = XCBuildConfiguration;
			buildSettings = {
				ASSETCATALOG_COMPILER_APPICON_NAME = AppIcon;
				INFOPLIST_FILE = LicensingViewControllerDemo/Info.plist;
				IPHONEOS_DEPLOYMENT_TARGET = 8.0;
				LD_RUNPATH_SEARCH_PATHS = "$(inherited) @executable_path/Frameworks";
				PRODUCT_NAME = "$(TARGET_NAME)";
			};
			name = Debug;
		};
		862F24D11B568DDC0035ED24 /* Release */ = {
			isa = XCBuildConfiguration;
			buildSettings = {
				ASSETCATALOG_COMPILER_APPICON_NAME = AppIcon;
				INFOPLIST_FILE = LicensingViewControllerDemo/Info.plist;
				IPHONEOS_DEPLOYMENT_TARGET = 8.0;
				LD_RUNPATH_SEARCH_PATHS = "$(inherited) @executable_path/Frameworks";
				PRODUCT_NAME = "$(TARGET_NAME)";
			};
			name = Release;
		};
		862F24D31B568DDC0035ED24 /* Debug */ = {
			isa = XCBuildConfiguration;
			buildSettings = {
				BUNDLE_LOADER = "$(TEST_HOST)";
				FRAMEWORK_SEARCH_PATHS = (
					"$(SDKROOT)/Developer/Library/Frameworks",
					"$(inherited)",
				);
				GCC_PREPROCESSOR_DEFINITIONS = (
					"DEBUG=1",
					"$(inherited)",
				);
				INFOPLIST_FILE = LicensingViewControllerDemoTests/Info.plist;
				LD_RUNPATH_SEARCH_PATHS = "$(inherited) @executable_path/Frameworks @loader_path/Frameworks";
				PRODUCT_NAME = "$(TARGET_NAME)";
				TEST_HOST = "$(BUILT_PRODUCTS_DIR)/LicensingViewControllerDemo.app/LicensingViewControllerDemo";
			};
			name = Debug;
		};
		862F24D41B568DDC0035ED24 /* Release */ = {
			isa = XCBuildConfiguration;
			buildSettings = {
				BUNDLE_LOADER = "$(TEST_HOST)";
				FRAMEWORK_SEARCH_PATHS = (
					"$(SDKROOT)/Developer/Library/Frameworks",
					"$(inherited)",
				);
				INFOPLIST_FILE = LicensingViewControllerDemoTests/Info.plist;
				LD_RUNPATH_SEARCH_PATHS = "$(inherited) @executable_path/Frameworks @loader_path/Frameworks";
				PRODUCT_NAME = "$(TARGET_NAME)";
				TEST_HOST = "$(BUILT_PRODUCTS_DIR)/LicensingViewControllerDemo.app/LicensingViewControllerDemo";
			};
			name = Release;
		};
/* End XCBuildConfiguration section */

/* Begin XCConfigurationList section */
		862F24AB1B568DDB0035ED24 /* Build configuration list for PBXProject "LicensingViewControllerDemo" */ = {
			isa = XCConfigurationList;
			buildConfigurations = (
				862F24CD1B568DDC0035ED24 /* Debug */,
				862F24CE1B568DDC0035ED24 /* Release */,
			);
			defaultConfigurationIsVisible = 0;
			defaultConfigurationName = Release;
		};
		862F24CF1B568DDC0035ED24 /* Build configuration list for PBXNativeTarget "LicensingViewControllerDemo" */ = {
			isa = XCConfigurationList;
			buildConfigurations = (
				862F24D01B568DDC0035ED24 /* Debug */,
				862F24D11B568DDC0035ED24 /* Release */,
			);
			defaultConfigurationIsVisible = 0;
			defaultConfigurationName = Release;
		};
		862F24D21B568DDC0035ED24 /* Build configuration list for PBXNativeTarget "LicensingViewControllerDemoTests" */ = {
			isa = XCConfigurationList;
			buildConfigurations = (
				862F24D31B568DDC0035ED24 /* Debug */,
				862F24D41B568DDC0035ED24 /* Release */,
			);
			defaultConfigurationIsVisible = 0;
			defaultConfigurationName = Release;
		};
/* End XCConfigurationList section */
	};
	rootObject = 862F24A81B568DDB0035ED24 /* Project object */;
}
