// !$*UTF8*$!
{
	archiveVersion = 1;
	classes = {
	};
	objectVersion = 46;
	objects = {

/* Begin PBXBuildFile section */
		860B52331B71480900155379 /* AppDelegate.swift in Sources */ = {isa = PBXBuildFile; fileRef = 860B52321B71480900155379 /* AppDelegate.swift */; };
		862F24911B568DB90035ED24 /* LicensingViewController.h in Headers */ = {isa = PBXBuildFile; fileRef = 862F24901B568DB90035ED24 /* LicensingViewController.h */; settings = {ATTRIBUTES = (Public, ); }; };
		862F24971B568DB90035ED24 /* LicensingViewController.framework in Frameworks */ = {isa = PBXBuildFile; fileRef = 862F248B1B568DB90035ED24 /* LicensingViewController.framework */; };
		862F249E1B568DB90035ED24 /* LicensingViewControllerTests.swift in Sources */ = {isa = PBXBuildFile; fileRef = 862F249D1B568DB90035ED24 /* LicensingViewControllerTests.swift */; };
		862F24D81B568E490035ED24 /* License.swift in Sources */ = {isa = PBXBuildFile; fileRef = 862F24D51B568E490035ED24 /* License.swift */; };
		862F24D91B568E490035ED24 /* LicensingItem.swift in Sources */ = {isa = PBXBuildFile; fileRef = 862F24D61B568E490035ED24 /* LicensingItem.swift */; };
		862F24DA1B568E490035ED24 /* LicensingViewController.swift in Sources */ = {isa = PBXBuildFile; fileRef = 862F24D71B568E490035ED24 /* LicensingViewController.swift */; };
		86A545E31B7151A7002F5101 /* Launch Screen.storyboard in Resources */ = {isa = PBXBuildFile; fileRef = 86A545E21B7151A7002F5101 /* Launch Screen.storyboard */; };
		86DD5C721B56F969005A4667 /* LicensingItemCell.swift in Sources */ = {isa = PBXBuildFile; fileRef = 86DD5C711B56F969005A4667 /* LicensingItemCell.swift */; };
/* End PBXBuildFile section */

/* Begin PBXContainerItemProxy section */
		862F24981B568DB90035ED24 /* PBXContainerItemProxy */ = {
			isa = PBXContainerItemProxy;
			containerPortal = 862F24821B568DB90035ED24 /* Project object */;
			proxyType = 1;
			remoteGlobalIDString = 862F248A1B568DB90035ED24;
			remoteInfo = LicensingViewController;
		};
/* End PBXContainerItemProxy section */

/* Begin PBXFileReference section */
		860B52301B71480900155379 /* LicensingViewControllerDemo.app */ = {isa = PBXFileReference; explicitFileType = wrapper.application; includeInIndex = 0; path = LicensingViewControllerDemo.app; sourceTree = BUILT_PRODUCTS_DIR; };
		860B52321B71480900155379 /* AppDelegate.swift */ = {isa = PBXFileReference; lastKnownFileType = sourcecode.swift; path = AppDelegate.swift; sourceTree = "<group>"; };
		860B523E1B71480900155379 /* Info.plist */ = {isa = PBXFileReference; lastKnownFileType = text.plist.xml; path = Info.plist; sourceTree = "<group>"; };
		862F248B1B568DB90035ED24 /* LicensingViewController.framework */ = {isa = PBXFileReference; explicitFileType = wrapper.framework; includeInIndex = 0; path = LicensingViewController.framework; sourceTree = BUILT_PRODUCTS_DIR; };
		862F248F1B568DB90035ED24 /* Info.plist */ = {isa = PBXFileReference; lastKnownFileType = text.plist.xml; path = Info.plist; sourceTree = "<group>"; };
		862F24901B568DB90035ED24 /* LicensingViewController.h */ = {isa = PBXFileReference; lastKnownFileType = sourcecode.c.h; path = LicensingViewController.h; sourceTree = "<group>"; };
		862F24961B568DB90035ED24 /* LicensingViewControllerTests.xctest */ = {isa = PBXFileReference; explicitFileType = wrapper.cfbundle; includeInIndex = 0; path = LicensingViewControllerTests.xctest; sourceTree = BUILT_PRODUCTS_DIR; };
		862F249C1B568DB90035ED24 /* Info.plist */ = {isa = PBXFileReference; lastKnownFileType = text.plist.xml; path = Info.plist; sourceTree = "<group>"; };
		862F249D1B568DB90035ED24 /* LicensingViewControllerTests.swift */ = {isa = PBXFileReference; lastKnownFileType = sourcecode.swift; path = LicensingViewControllerTests.swift; sourceTree = "<group>"; };
		862F24D51B568E490035ED24 /* License.swift */ = {isa = PBXFileReference; fileEncoding = 4; lastKnownFileType = sourcecode.swift; path = License.swift; sourceTree = "<group>"; };
		862F24D61B568E490035ED24 /* LicensingItem.swift */ = {isa = PBXFileReference; fileEncoding = 4; lastKnownFileType = sourcecode.swift; path = LicensingItem.swift; sourceTree = "<group>"; };
		862F24D71B568E490035ED24 /* LicensingViewController.swift */ = {isa = PBXFileReference; fileEncoding = 4; lastKnownFileType = sourcecode.swift; path = LicensingViewController.swift; sourceTree = "<group>"; };
		862F24E91B5690710035ED24 /* LICENSE */ = {isa = PBXFileReference; lastKnownFileType = text; path = LICENSE; sourceTree = "<group>"; };
		862F24EA1B5690790035ED24 /* README.md */ = {isa = PBXFileReference; lastKnownFileType = net.daringfireball.markdown; path = README.md; sourceTree = "<group>"; };
		86A545E21B7151A7002F5101 /* Launch Screen.storyboard */ = {isa = PBXFileReference; fileEncoding = 4; lastKnownFileType = file.storyboard; path = "Launch Screen.storyboard"; sourceTree = "<group>"; };
		86DD5C711B56F969005A4667 /* LicensingItemCell.swift */ = {isa = PBXFileReference; fileEncoding = 4; lastKnownFileType = sourcecode.swift; path = LicensingItemCell.swift; sourceTree = "<group>"; };
/* End PBXFileReference section */

/* Begin PBXFrameworksBuildPhase section */
		860B522D1B71480900155379 /* Frameworks */ = {
			isa = PBXFrameworksBuildPhase;
			buildActionMask = 2147483647;
			files = (
			);
			runOnlyForDeploymentPostprocessing = 0;
		};
		862F24871B568DB90035ED24 /* Frameworks */ = {
			isa = PBXFrameworksBuildPhase;
			buildActionMask = 2147483647;
			files = (
			);
			runOnlyForDeploymentPostprocessing = 0;
		};
		862F24931B568DB90035ED24 /* Frameworks */ = {
			isa = PBXFrameworksBuildPhase;
			buildActionMask = 2147483647;
			files = (
				862F24971B568DB90035ED24 /* LicensingViewController.framework in Frameworks */,
			);
			runOnlyForDeploymentPostprocessing = 0;
		};
/* End PBXFrameworksBuildPhase section */

/* Begin PBXGroup section */
		860B52311B71480900155379 /* LicensingViewControllerDemo */ = {
			isa = PBXGroup;
			children = (
				860B52321B71480900155379 /* AppDelegate.swift */,
				86A545E21B7151A7002F5101 /* Launch Screen.storyboard */,
				860B523E1B71480900155379 /* Info.plist */,
			);
			path = LicensingViewControllerDemo;
			sourceTree = "<group>";
		};
		862F24811B568DB90035ED24 = {
			isa = PBXGroup;
			children = (
				862F24E91B5690710035ED24 /* LICENSE */,
				862F24EA1B5690790035ED24 /* README.md */,
				862F248D1B568DB90035ED24 /* LicensingViewController */,
				862F249A1B568DB90035ED24 /* LicensingViewControllerTests */,
				860B52311B71480900155379 /* LicensingViewControllerDemo */,
				862F248C1B568DB90035ED24 /* Products */,
			);
			sourceTree = "<group>";
		};
		862F248C1B568DB90035ED24 /* Products */ = {
			isa = PBXGroup;
			children = (
				862F248B1B568DB90035ED24 /* LicensingViewController.framework */,
				862F24961B568DB90035ED24 /* LicensingViewControllerTests.xctest */,
				860B52301B71480900155379 /* LicensingViewControllerDemo.app */,
			);
			name = Products;
			sourceTree = "<group>";
		};
		862F248D1B568DB90035ED24 /* LicensingViewController */ = {
			isa = PBXGroup;
			children = (
				862F24D51B568E490035ED24 /* License.swift */,
				862F24D61B568E490035ED24 /* LicensingItem.swift */,
				86DD5C711B56F969005A4667 /* LicensingItemCell.swift */,
				862F24D71B568E490035ED24 /* LicensingViewController.swift */,
				862F248E1B568DB90035ED24 /* Supporting Files */,
			);
			path = LicensingViewController;
			sourceTree = "<group>";
		};
		862F248E1B568DB90035ED24 /* Supporting Files */ = {
			isa = PBXGroup;
			children = (
				862F24901B568DB90035ED24 /* LicensingViewController.h */,
				862F248F1B568DB90035ED24 /* Info.plist */,
			);
			name = "Supporting Files";
			sourceTree = "<group>";
		};
		862F249A1B568DB90035ED24 /* LicensingViewControllerTests */ = {
			isa = PBXGroup;
			children = (
				862F249D1B568DB90035ED24 /* LicensingViewControllerTests.swift */,
				862F249B1B568DB90035ED24 /* Supporting Files */,
			);
			path = LicensingViewControllerTests;
			sourceTree = "<group>";
		};
		862F249B1B568DB90035ED24 /* Supporting Files */ = {
			isa = PBXGroup;
			children = (
				862F249C1B568DB90035ED24 /* Info.plist */,
			);
			name = "Supporting Files";
			sourceTree = "<group>";
		};
/* End PBXGroup section */

/* Begin PBXHeadersBuildPhase section */
		862F24881B568DB90035ED24 /* Headers */ = {
			isa = PBXHeadersBuildPhase;
			buildActionMask = 2147483647;
			files = (
				862F24911B568DB90035ED24 /* LicensingViewController.h in Headers */,
			);
			runOnlyForDeploymentPostprocessing = 0;
		};
/* End PBXHeadersBuildPhase section */

/* Begin PBXNativeTarget section */
		860B522F1B71480900155379 /* LicensingViewControllerDemo */ = {
			isa = PBXNativeTarget;
			buildConfigurationList = 860B52411B71480900155379 /* Build configuration list for PBXNativeTarget "LicensingViewControllerDemo" */;
			buildPhases = (
				860B522C1B71480900155379 /* Sources */,
				860B522D1B71480900155379 /* Frameworks */,
				860B522E1B71480900155379 /* Resources */,
			);
			buildRules = (
			);
			dependencies = (
			);
			name = LicensingViewControllerDemo;
			productName = LicensingViewControllerDemo;
			productReference = 860B52301B71480900155379 /* LicensingViewControllerDemo.app */;
			productType = "com.apple.product-type.application";
		};
		862F248A1B568DB90035ED24 /* LicensingViewController */ = {
			isa = PBXNativeTarget;
			buildConfigurationList = 862F24A11B568DB90035ED24 /* Build configuration list for PBXNativeTarget "LicensingViewController" */;
			buildPhases = (
				862F24861B568DB90035ED24 /* Sources */,
				862F24871B568DB90035ED24 /* Frameworks */,
				862F24881B568DB90035ED24 /* Headers */,
				862F24891B568DB90035ED24 /* Resources */,
			);
			buildRules = (
			);
			dependencies = (
			);
			name = LicensingViewController;
			productName = LicensingViewController;
			productReference = 862F248B1B568DB90035ED24 /* LicensingViewController.framework */;
			productType = "com.apple.product-type.framework";
		};
		862F24951B568DB90035ED24 /* LicensingViewControllerTests */ = {
			isa = PBXNativeTarget;
			buildConfigurationList = 862F24A41B568DB90035ED24 /* Build configuration list for PBXNativeTarget "LicensingViewControllerTests" */;
			buildPhases = (
				862F24921B568DB90035ED24 /* Sources */,
				862F24931B568DB90035ED24 /* Frameworks */,
				862F24941B568DB90035ED24 /* Resources */,
			);
			buildRules = (
			);
			dependencies = (
				862F24991B568DB90035ED24 /* PBXTargetDependency */,
			);
			name = LicensingViewControllerTests;
			productName = LicensingViewControllerTests;
			productReference = 862F24961B568DB90035ED24 /* LicensingViewControllerTests.xctest */;
			productType = "com.apple.product-type.bundle.unit-test";
		};
/* End PBXNativeTarget section */

/* Begin PBXProject section */
		862F24821B568DB90035ED24 /* Project object */ = {
			isa = PBXProject;
			attributes = {
				LastSwiftMigration = 0700;
				LastSwiftUpdateCheck = 0700;
				LastUpgradeCheck = 0800;
				ORGANIZATIONNAME = "Tiago Henriques";
				TargetAttributes = {
					860B522F1B71480900155379 = {
						CreatedOnToolsVersion = 7.0;
						LastSwiftMigration = 0800;
					};
					862F248A1B568DB90035ED24 = {
						CreatedOnToolsVersion = 6.4;
						LastSwiftMigration = 0800;
					};
					862F24951B568DB90035ED24 = {
						CreatedOnToolsVersion = 6.4;
						LastSwiftMigration = 0800;
					};
				};
			};
			buildConfigurationList = 862F24851B568DB90035ED24 /* Build configuration list for PBXProject "LicensingViewController" */;
			compatibilityVersion = "Xcode 3.2";
			developmentRegion = English;
			hasScannedForEncodings = 0;
			knownRegions = (
				en,
				Base,
			);
			mainGroup = 862F24811B568DB90035ED24;
			productRefGroup = 862F248C1B568DB90035ED24 /* Products */;
			projectDirPath = "";
			projectRoot = "";
			targets = (
				862F248A1B568DB90035ED24 /* LicensingViewController */,
				862F24951B568DB90035ED24 /* LicensingViewControllerTests */,
				860B522F1B71480900155379 /* LicensingViewControllerDemo */,
			);
		};
/* End PBXProject section */

/* Begin PBXResourcesBuildPhase section */
		860B522E1B71480900155379 /* Resources */ = {
			isa = PBXResourcesBuildPhase;
			buildActionMask = 2147483647;
			files = (
				86A545E31B7151A7002F5101 /* Launch Screen.storyboard in Resources */,
			);
			runOnlyForDeploymentPostprocessing = 0;
		};
		862F24891B568DB90035ED24 /* Resources */ = {
			isa = PBXResourcesBuildPhase;
			buildActionMask = 2147483647;
			files = (
			);
			runOnlyForDeploymentPostprocessing = 0;
		};
		862F24941B568DB90035ED24 /* Resources */ = {
			isa = PBXResourcesBuildPhase;
			buildActionMask = 2147483647;
			files = (
			);
			runOnlyForDeploymentPostprocessing = 0;
		};
/* End PBXResourcesBuildPhase section */

/* Begin PBXSourcesBuildPhase section */
		860B522C1B71480900155379 /* Sources */ = {
			isa = PBXSourcesBuildPhase;
			buildActionMask = 2147483647;
			files = (
				860B52331B71480900155379 /* AppDelegate.swift in Sources */,
			);
			runOnlyForDeploymentPostprocessing = 0;
		};
		862F24861B568DB90035ED24 /* Sources */ = {
			isa = PBXSourcesBuildPhase;
			buildActionMask = 2147483647;
			files = (
				862F24D81B568E490035ED24 /* License.swift in Sources */,
				86DD5C721B56F969005A4667 /* LicensingItemCell.swift in Sources */,
				862F24DA1B568E490035ED24 /* LicensingViewController.swift in Sources */,
				862F24D91B568E490035ED24 /* LicensingItem.swift in Sources */,
			);
			runOnlyForDeploymentPostprocessing = 0;
		};
		862F24921B568DB90035ED24 /* Sources */ = {
			isa = PBXSourcesBuildPhase;
			buildActionMask = 2147483647;
			files = (
				862F249E1B568DB90035ED24 /* LicensingViewControllerTests.swift in Sources */,
			);
			runOnlyForDeploymentPostprocessing = 0;
		};
/* End PBXSourcesBuildPhase section */

/* Begin PBXTargetDependency section */
		862F24991B568DB90035ED24 /* PBXTargetDependency */ = {
			isa = PBXTargetDependency;
			target = 862F248A1B568DB90035ED24 /* LicensingViewController */;
			targetProxy = 862F24981B568DB90035ED24 /* PBXContainerItemProxy */;
		};
/* End PBXTargetDependency section */

/* Begin XCBuildConfiguration section */
		860B523F1B71480900155379 /* Debug */ = {
			isa = XCBuildConfiguration;
			buildSettings = {
				DEBUG_INFORMATION_FORMAT = dwarf;
				ENABLE_TESTABILITY = YES;
				INFOPLIST_FILE = LicensingViewControllerDemo/Info.plist;
				IPHONEOS_DEPLOYMENT_TARGET = 8.0;
				LD_RUNPATH_SEARCH_PATHS = "$(inherited) @executable_path/Frameworks";
				PRODUCT_BUNDLE_IDENTIFIER = com.tiagomnh.LicensingViewControllerDemo;
				PRODUCT_NAME = "$(TARGET_NAME)";
				SWIFT_VERSION = 3.0;
			};
			name = Debug;
		};
		860B52401B71480900155379 /* Release */ = {
			isa = XCBuildConfiguration;
			buildSettings = {
				INFOPLIST_FILE = LicensingViewControllerDemo/Info.plist;
				IPHONEOS_DEPLOYMENT_TARGET = 8.0;
				LD_RUNPATH_SEARCH_PATHS = "$(inherited) @executable_path/Frameworks";
				PRODUCT_BUNDLE_IDENTIFIER = com.tiagomnh.LicensingViewControllerDemo;
				PRODUCT_NAME = "$(TARGET_NAME)";
				SWIFT_VERSION = 3.0;
			};
			name = Release;
		};
		862F249F1B568DB90035ED24 /* Debug */ = {
			isa = XCBuildConfiguration;
			buildSettings = {
				ALWAYS_SEARCH_USER_PATHS = NO;
				CLANG_CXX_LANGUAGE_STANDARD = "gnu++0x";
				CLANG_CXX_LIBRARY = "libc++";
				CLANG_ENABLE_MODULES = YES;
				CLANG_ENABLE_OBJC_ARC = YES;
				CLANG_WARN_BOOL_CONVERSION = YES;
				CLANG_WARN_CONSTANT_CONVERSION = YES;
				CLANG_WARN_DIRECT_OBJC_ISA_USAGE = YES_ERROR;
				CLANG_WARN_EMPTY_BODY = YES;
				CLANG_WARN_ENUM_CONVERSION = YES;
				CLANG_WARN_INFINITE_RECURSION = YES;
				CLANG_WARN_INT_CONVERSION = YES;
				CLANG_WARN_OBJC_ROOT_CLASS = YES_ERROR;
				CLANG_WARN_SUSPICIOUS_MOVE = YES;
				CLANG_WARN_UNREACHABLE_CODE = YES;
				CLANG_WARN__DUPLICATE_METHOD_MATCH = YES;
				"CODE_SIGN_IDENTITY[sdk=iphoneos*]" = "iPhone Developer";
				COPY_PHASE_STRIP = NO;
				CURRENT_PROJECT_VERSION = 1;
				DEBUG_INFORMATION_FORMAT = "dwarf-with-dsym";
				ENABLE_STRICT_OBJC_MSGSEND = YES;
				ENABLE_TESTABILITY = YES;
				GCC_C_LANGUAGE_STANDARD = gnu99;
				GCC_DYNAMIC_NO_PIC = NO;
				GCC_NO_COMMON_BLOCKS = YES;
				GCC_OPTIMIZATION_LEVEL = 0;
				GCC_PREPROCESSOR_DEFINITIONS = (
					"DEBUG=1",
					"$(inherited)",
				);
				GCC_SYMBOLS_PRIVATE_EXTERN = NO;
				GCC_WARN_64_TO_32_BIT_CONVERSION = YES;
				GCC_WARN_ABOUT_RETURN_TYPE = YES_ERROR;
				GCC_WARN_UNDECLARED_SELECTOR = YES;
				GCC_WARN_UNINITIALIZED_AUTOS = YES_AGGRESSIVE;
				GCC_WARN_UNUSED_FUNCTION = YES;
				GCC_WARN_UNUSED_VARIABLE = YES;
				IPHONEOS_DEPLOYMENT_TARGET = 8.4;
				MTL_ENABLE_DEBUG_INFO = YES;
				ONLY_ACTIVE_ARCH = YES;
				SDKROOT = iphoneos;
				SWIFT_OPTIMIZATION_LEVEL = "-Onone";
				TARGETED_DEVICE_FAMILY = "1,2";
				VERSIONING_SYSTEM = "apple-generic";
				VERSION_INFO_PREFIX = "";
			};
			name = Debug;
		};
		862F24A01B568DB90035ED24 /* Release */ = {
			isa = XCBuildConfiguration;
			buildSettings = {
				ALWAYS_SEARCH_USER_PATHS = NO;
				CLANG_CXX_LANGUAGE_STANDARD = "gnu++0x";
				CLANG_CXX_LIBRARY = "libc++";
				CLANG_ENABLE_MODULES = YES;
				CLANG_ENABLE_OBJC_ARC = YES;
				CLANG_WARN_BOOL_CONVERSION = YES;
				CLANG_WARN_CONSTANT_CONVERSION = YES;
				CLANG_WARN_DIRECT_OBJC_ISA_USAGE = YES_ERROR;
				CLANG_WARN_EMPTY_BODY = YES;
				CLANG_WARN_ENUM_CONVERSION = YES;
				CLANG_WARN_INFINITE_RECURSION = YES;
				CLANG_WARN_INT_CONVERSION = YES;
				CLANG_WARN_OBJC_ROOT_CLASS = YES_ERROR;
				CLANG_WARN_SUSPICIOUS_MOVE = YES;
				CLANG_WARN_UNREACHABLE_CODE = YES;
				CLANG_WARN__DUPLICATE_METHOD_MATCH = YES;
				"CODE_SIGN_IDENTITY[sdk=iphoneos*]" = "iPhone Developer";
				COPY_PHASE_STRIP = NO;
				CURRENT_PROJECT_VERSION = 1;
				DEBUG_INFORMATION_FORMAT = "dwarf-with-dsym";
				ENABLE_NS_ASSERTIONS = NO;
				ENABLE_STRICT_OBJC_MSGSEND = YES;
				GCC_C_LANGUAGE_STANDARD = gnu99;
				GCC_NO_COMMON_BLOCKS = YES;
				GCC_WARN_64_TO_32_BIT_CONVERSION = YES;
				GCC_WARN_ABOUT_RETURN_TYPE = YES_ERROR;
				GCC_WARN_UNDECLARED_SELECTOR = YES;
				GCC_WARN_UNINITIALIZED_AUTOS = YES_AGGRESSIVE;
				GCC_WARN_UNUSED_FUNCTION = YES;
				GCC_WARN_UNUSED_VARIABLE = YES;
				IPHONEOS_DEPLOYMENT_TARGET = 8.4;
				MTL_ENABLE_DEBUG_INFO = NO;
				SDKROOT = iphoneos;
				SWIFT_OPTIMIZATION_LEVEL = "-Owholemodule";
				TARGETED_DEVICE_FAMILY = "1,2";
				VALIDATE_PRODUCT = YES;
				VERSIONING_SYSTEM = "apple-generic";
				VERSION_INFO_PREFIX = "";
			};
			name = Release;
		};
		862F24A21B568DB90035ED24 /* Debug */ = {
			isa = XCBuildConfiguration;
			buildSettings = {
				CLANG_ENABLE_MODULES = YES;
				"CODE_SIGN_IDENTITY[sdk=iphoneos*]" = "";
				DEFINES_MODULE = YES;
				DYLIB_COMPATIBILITY_VERSION = 1;
				DYLIB_CURRENT_VERSION = 1;
				DYLIB_INSTALL_NAME_BASE = "@rpath";
				INFOPLIST_FILE = LicensingViewController/Info.plist;
				INSTALL_PATH = "$(LOCAL_LIBRARY_DIR)/Frameworks";
				IPHONEOS_DEPLOYMENT_TARGET = 8.0;
				LD_RUNPATH_SEARCH_PATHS = "$(inherited) @executable_path/Frameworks @loader_path/Frameworks";
				PRODUCT_BUNDLE_IDENTIFIER = "com.tiagomnh.$(PRODUCT_NAME:rfc1034identifier)";
				PRODUCT_NAME = "$(TARGET_NAME)";
				SKIP_INSTALL = YES;
				SWIFT_OPTIMIZATION_LEVEL = "-Onone";
				SWIFT_VERSION = 3.0;
			};
			name = Debug;
		};
		862F24A31B568DB90035ED24 /* Release */ = {
			isa = XCBuildConfiguration;
			buildSettings = {
				CLANG_ENABLE_MODULES = YES;
				"CODE_SIGN_IDENTITY[sdk=iphoneos*]" = "";
				DEFINES_MODULE = YES;
				DYLIB_COMPATIBILITY_VERSION = 1;
				DYLIB_CURRENT_VERSION = 1;
				DYLIB_INSTALL_NAME_BASE = "@rpath";
				INFOPLIST_FILE = LicensingViewController/Info.plist;
				INSTALL_PATH = "$(LOCAL_LIBRARY_DIR)/Frameworks";
				IPHONEOS_DEPLOYMENT_TARGET = 8.0;
				LD_RUNPATH_SEARCH_PATHS = "$(inherited) @executable_path/Frameworks @loader_path/Frameworks";
				PRODUCT_BUNDLE_IDENTIFIER = "com.tiagomnh.$(PRODUCT_NAME:rfc1034identifier)";
				PRODUCT_NAME = "$(TARGET_NAME)";
				SKIP_INSTALL = YES;
				SWIFT_VERSION = 3.0;
			};
			name = Release;
		};
		862F24A51B568DB90035ED24 /* Debug */ = {
			isa = XCBuildConfiguration;
			buildSettings = {
				FRAMEWORK_SEARCH_PATHS = (
					"$(SDKROOT)/Developer/Library/Frameworks",
					"$(inherited)",
				);
				GCC_PREPROCESSOR_DEFINITIONS = (
					"DEBUG=1",
					"$(inherited)",
				);
				INFOPLIST_FILE = LicensingViewControllerTests/Info.plist;
				LD_RUNPATH_SEARCH_PATHS = "$(inherited) @executable_path/Frameworks @loader_path/Frameworks";
				PRODUCT_BUNDLE_IDENTIFIER = "com.tiagomnh.$(PRODUCT_NAME:rfc1034identifier)";
				PRODUCT_NAME = "$(TARGET_NAME)";
				SWIFT_VERSION = 3.0;
			};
			name = Debug;
		};
		862F24A61B568DB90035ED24 /* Release */ = {
			isa = XCBuildConfiguration;
			buildSettings = {
				FRAMEWORK_SEARCH_PATHS = (
					"$(SDKROOT)/Developer/Library/Frameworks",
					"$(inherited)",
				);
				INFOPLIST_FILE = LicensingViewControllerTests/Info.plist;
				LD_RUNPATH_SEARCH_PATHS = "$(inherited) @executable_path/Frameworks @loader_path/Frameworks";
				PRODUCT_BUNDLE_IDENTIFIER = "com.tiagomnh.$(PRODUCT_NAME:rfc1034identifier)";
				PRODUCT_NAME = "$(TARGET_NAME)";
				SWIFT_VERSION = 3.0;
			};
			name = Release;
		};
/* End XCBuildConfiguration section */

/* Begin XCConfigurationList section */
		860B52411B71480900155379 /* Build configuration list for PBXNativeTarget "LicensingViewControllerDemo" */ = {
			isa = XCConfigurationList;
			buildConfigurations = (
				860B523F1B71480900155379 /* Debug */,
				860B52401B71480900155379 /* Release */,
			);
			defaultConfigurationIsVisible = 0;
			defaultConfigurationName = Release;
		};
		862F24851B568DB90035ED24 /* Build configuration list for PBXProject "LicensingViewController" */ = {
			isa = XCConfigurationList;
			buildConfigurations = (
				862F249F1B568DB90035ED24 /* Debug */,
				862F24A01B568DB90035ED24 /* Release */,
			);
			defaultConfigurationIsVisible = 0;
			defaultConfigurationName = Release;
		};
		862F24A11B568DB90035ED24 /* Build configuration list for PBXNativeTarget "LicensingViewController" */ = {
			isa = XCConfigurationList;
			buildConfigurations = (
				862F24A21B568DB90035ED24 /* Debug */,
				862F24A31B568DB90035ED24 /* Release */,
			);
			defaultConfigurationIsVisible = 0;
			defaultConfigurationName = Release;
		};
		862F24A41B568DB90035ED24 /* Build configuration list for PBXNativeTarget "LicensingViewControllerTests" */ = {
			isa = XCConfigurationList;
			buildConfigurations = (
				862F24A51B568DB90035ED24 /* Debug */,
				862F24A61B568DB90035ED24 /* Release */,
			);
			defaultConfigurationIsVisible = 0;
			defaultConfigurationName = Release;
		};
/* End XCConfigurationList section */
	};
	rootObject = 862F24821B568DB90035ED24 /* Project object */;
}
